
Microsoft Visual Studio Solution File, Format Version 12.00
# Visual Studio 15
VisualStudioVersion = 15.0.26730.3
MinimumVisualStudioVersion = 10.0.40219.1
Project("{8BC9CEB8-8B4A-11D0-8D11-00A0C91BC942}") = "Algorithm_Sorting", "Algorithm_Sorting\Algorithm_Sorting.vcxproj", "{133DBA16-5D94-4FB1-86B6-5B5692F99134}"
EndProject
Global
	GlobalSection(SolutionConfigurationPlatforms) = preSolution
		Debug|x64 = Debug|x64
		Debug|x86 = Debug|x86
		Release|x64 = Release|x64
		Release|x86 = Release|x86
	EndGlobalSection
	GlobalSection(ProjectConfigurationPlatforms) = postSolution
		{133DBA16-5D94-4FB1-86B6-5B5692F99134}.Debug|x64.ActiveCfg = Debug|x64
		{133DBA16-5D94-4FB1-86B6-5B5692F99134}.Debug|x64.Build.0 = Debug|x64
		{133DBA16-5D94-4FB1-86B6-5B5692F99134}.Debug|x86.ActiveCfg = Debug|Win32
		{133DBA16-5D94-4FB1-86B6-5B5692F99134}.Debug|x86.Build.0 = Debug|Win32
		{133DBA16-5D94-4FB1-86B6-5B5692F99134}.Release|x64.ActiveCfg = Release|x64
		{133DBA16-5D94-4FB1-86B6-5B5692F99134}.Release|x64.Build.0 = Release|x64
		{133DBA16-5D94-4FB1-86B6-5B5692F99134}.Release|x86.ActiveCfg = Release|Win32
		{133DBA16-5D94-4FB1-86B6-5B5692F99134}.Release|x86.Build.0 = Release|Win32
	EndGlobalSection
	GlobalSection(SolutionProperties) = preSolution
		HideSolutionNode = FALSE
	EndGlobalSection
	GlobalSection(ExtensibilityGlobals) = postSolution
		SolutionGuid = {BB8C23EB-2C35-4AFD-86CC-627D1852638C}
	EndGlobalSection
EndGlobal
